
Microsoft Visual Studio Solution File, Format Version 12.00
# Visual Studio Version 17
VisualStudioVersion = 17.1.32328.378
MinimumVisualStudioVersion = 10.0.40219.1
Project("{9A19103F-16F7-4668-BE54-9A1E7A4F7556}") = "imrb", "imrb\imrb.csproj", "{D243664A-3905-4626-B5BD-D523A97C2CB9}"
EndProject
Global
	GlobalSection(SolutionConfigurationPlatforms) = preSolution
		Debug|Any CPU = Debug|Any CPU
		Release|Any CPU = Release|Any CPU
	EndGlobalSection
	GlobalSection(ProjectConfigurationPlatforms) = postSolution
		{D243664A-3905-4626-B5BD-D523A97C2CB9}.Debug|Any CPU.ActiveCfg = Debug|Any CPU
		{D243664A-3905-4626-B5BD-D523A97C2CB9}.Debug|Any CPU.Build.0 = Debug|Any CPU
		{D243664A-3905-4626-B5BD-D523A97C2CB9}.Release|Any CPU.ActiveCfg = Release|Any CPU
		{D243664A-3905-4626-B5BD-D523A97C2CB9}.Release|Any CPU.Build.0 = Release|Any CPU
	EndGlobalSection
	GlobalSection(SolutionProperties) = preSolution
		HideSolutionNode = FALSE
	EndGlobalSection
	GlobalSection(ExtensibilityGlobals) = postSolution
		SolutionGuid = {0F8F9ADC-EC98-4339-BD28-52C7805EDA7B}
	EndGlobalSection
EndGlobal
