
Microsoft Visual Studio Solution File, Format Version 12.00
# Visual Studio Version 17
VisualStudioVersion = 17.1.32328.378
MinimumVisualStudioVersion = 10.0.40219.1
Project("{FAE04EC0-301F-11D3-BF4B-00C04F79EFBC}") = "imrb2", "imrb2\imrb2.csproj", "{6C76B6C8-A29B-4FE6-A0CB-90C774D450AA}"
EndProject
Global
	GlobalSection(SolutionConfigurationPlatforms) = preSolution
		Debug|Any CPU = Debug|Any CPU
		Release|Any CPU = Release|Any CPU
	EndGlobalSection
	GlobalSection(ProjectConfigurationPlatforms) = postSolution
		{6C76B6C8-A29B-4FE6-A0CB-90C774D450AA}.Debug|Any CPU.ActiveCfg = Debug|Any CPU
		{6C76B6C8-A29B-4FE6-A0CB-90C774D450AA}.Debug|Any CPU.Build.0 = Debug|Any CPU
		{6C76B6C8-A29B-4FE6-A0CB-90C774D450AA}.Release|Any CPU.ActiveCfg = Release|Any CPU
		{6C76B6C8-A29B-4FE6-A0CB-90C774D450AA}.Release|Any CPU.Build.0 = Release|Any CPU
	EndGlobalSection
	GlobalSection(SolutionProperties) = preSolution
		HideSolutionNode = FALSE
	EndGlobalSection
	GlobalSection(ExtensibilityGlobals) = postSolution
		SolutionGuid = {0F8F9ADC-EC98-4339-BD28-52C7805EDA7B}
	EndGlobalSection
EndGlobal
